
Microsoft Visual Studio Solution File, Format Version 12.00
# Visual Studio Version 17
VisualStudioVersion = 17.14.36414.22 d17.14
MinimumVisualStudioVersion = 10.0.40219.1
Project("{FAE04EC0-301F-11D3-BF4B-00C04F79EFBC}") = "Medical.API", "Medical.API\Medical.API.csproj", "{4EFB52D4-2FF4-4796-B9FC-AAB80D440EE0}"
EndProject
Global
	GlobalSection(SolutionConfigurationPlatforms) = preSolution
		Debug|Any CPU = Debug|Any CPU
		Release|Any CPU = Release|Any CPU
	EndGlobalSection
	GlobalSection(ProjectConfigurationPlatforms) = postSolution
		{4EFB52D4-2FF4-4796-B9FC-AAB80D440EE0}.Debug|Any CPU.ActiveCfg = Debug|Any CPU
		{4EFB52D4-2FF4-4796-B9FC-AAB80D440EE0}.Debug|Any CPU.Build.0 = Debug|Any CPU
		{4EFB52D4-2FF4-4796-B9FC-AAB80D440EE0}.Release|Any CPU.ActiveCfg = Release|Any CPU
		{4EFB52D4-2FF4-4796-B9FC-AAB80D440EE0}.Release|Any CPU.Build.0 = Release|Any CPU
	EndGlobalSection
	GlobalSection(SolutionProperties) = preSolution
		HideSolutionNode = FALSE
	EndGlobalSection
	GlobalSection(ExtensibilityGlobals) = postSolution
		SolutionGuid = {1FB784AA-6D19-425D-9488-711C20BC9FC4}
	EndGlobalSection
EndGlobal
